
Microsoft Visual Studio Solution File, Format Version 12.00
# Visual Studio Version 16
VisualStudioVersion = 16.0.31829.152
MinimumVisualStudioVersion = 10.0.40219.1
Project("{FAE04EC0-301F-11D3-BF4B-00C04F79EFBC}") = "Examen", "Examen\Examen.csproj", "{AE90C6B0-0AA8-476C-8A80-9EAD1A387858}"
EndProject
Global
	GlobalSection(SolutionConfigurationPlatforms) = preSolution
		Debug|Any CPU = Debug|Any CPU
		Release|Any CPU = Release|Any CPU
	EndGlobalSection
	GlobalSection(ProjectConfigurationPlatforms) = postSolution
		{AE90C6B0-0AA8-476C-8A80-9EAD1A387858}.Debug|Any CPU.ActiveCfg = Debug|Any CPU
		{AE90C6B0-0AA8-476C-8A80-9EAD1A387858}.Debug|Any CPU.Build.0 = Debug|Any CPU
		{AE90C6B0-0AA8-476C-8A80-9EAD1A387858}.Release|Any CPU.ActiveCfg = Release|Any CPU
		{AE90C6B0-0AA8-476C-8A80-9EAD1A387858}.Release|Any CPU.Build.0 = Release|Any CPU
	EndGlobalSection
	GlobalSection(SolutionProperties) = preSolution
		HideSolutionNode = FALSE
	EndGlobalSection
	GlobalSection(ExtensibilityGlobals) = postSolution
		SolutionGuid = {D345C2C2-E5BF-4C12-8A2F-BED2938B96DA}
	EndGlobalSection
EndGlobal
